// !$*UTF8*$!
{
	archiveVersion = 1;
	classes = {
	};
	objectVersion = 50;
	objects = {

/* Begin PBXBuildFile section */
		7B12DACF25D5B5AC00E1F955 /* SleepKarmaApp.swift in Sources */ = {isa = PBXBuildFile; fileRef = 7B12DABC25D5B5AC00E1F955 /* SleepKarmaApp.swift */; };
		7B12DAD025D5B5AC00E1F955 /* SleepKarmaApp.swift in Sources */ = {isa = PBXBuildFile; fileRef = 7B12DABC25D5B5AC00E1F955 /* SleepKarmaApp.swift */; };
		7B12DAD125D5B5AC00E1F955 /* RootView.swift in Sources */ = {isa = PBXBuildFile; fileRef = 7B12DABD25D5B5AC00E1F955 /* RootView.swift */; };
		7B12DAD225D5B5AC00E1F955 /* RootView.swift in Sources */ = {isa = PBXBuildFile; fileRef = 7B12DABD25D5B5AC00E1F955 /* RootView.swift */; };
		7B12DAD325D5B5AC00E1F955 /* Assets.xcassets in Resources */ = {isa = PBXBuildFile; fileRef = 7B12DABE25D5B5AC00E1F955 /* Assets.xcassets */; };
		7B12DAD425D5B5AC00E1F955 /* Assets.xcassets in Resources */ = {isa = PBXBuildFile; fileRef = 7B12DABE25D5B5AC00E1F955 /* Assets.xcassets */; };
		7B1D41AF25D5D06F00D5A79E /* Night.swift in Sources */ = {isa = PBXBuildFile; fileRef = 7B1D41AE25D5D06F00D5A79E /* Night.swift */; };
		7B1D41B025D5D06F00D5A79E /* Night.swift in Sources */ = {isa = PBXBuildFile; fileRef = 7B1D41AE25D5D06F00D5A79E /* Night.swift */; };
		7B1D41B425D5D10900D5A79E /* NightRow.swift in Sources */ = {isa = PBXBuildFile; fileRef = 7B1D41B325D5D10900D5A79E /* NightRow.swift */; };
		7B1D41B525D5D10900D5A79E /* NightRow.swift in Sources */ = {isa = PBXBuildFile; fileRef = 7B1D41B325D5D10900D5A79E /* NightRow.swift */; };
		7B4C7DCC25D70E2B00B4F554 /* Date+.swift in Sources */ = {isa = PBXBuildFile; fileRef = 7B4C7DCB25D70E2B00B4F554 /* Date+.swift */; };
		7B4C7DCD25D70E2B00B4F554 /* Date+.swift in Sources */ = {isa = PBXBuildFile; fileRef = 7B4C7DCB25D70E2B00B4F554 /* Date+.swift */; };
		7B83334E25D637D400C30FDC /* ViewModel.swift in Sources */ = {isa = PBXBuildFile; fileRef = 7B83334D25D637D300C30FDC /* ViewModel.swift */; };
		7B83334F25D637D400C30FDC /* ViewModel.swift in Sources */ = {isa = PBXBuildFile; fileRef = 7B83334D25D637D300C30FDC /* ViewModel.swift */; };
		7BC61C9D25D5C3DE0084CD09 /* DetailView.swift in Sources */ = {isa = PBXBuildFile; fileRef = 7BC61C9C25D5C3DE0084CD09 /* DetailView.swift */; };
		7BC61C9E25D5C3DE0084CD09 /* DetailView.swift in Sources */ = {isa = PBXBuildFile; fileRef = 7BC61C9C25D5C3DE0084CD09 /* DetailView.swift */; };
/* End PBXBuildFile section */

/* Begin PBXFileReference section */
		7B12DABC25D5B5AC00E1F955 /* SleepKarmaApp.swift */ = {isa = PBXFileReference; lastKnownFileType = sourcecode.swift; path = SleepKarmaApp.swift; sourceTree = "<group>"; };
		7B12DABD25D5B5AC00E1F955 /* RootView.swift */ = {isa = PBXFileReference; lastKnownFileType = sourcecode.swift; path = RootView.swift; sourceTree = "<group>"; };
		7B12DABE25D5B5AC00E1F955 /* Assets.xcassets */ = {isa = PBXFileReference; lastKnownFileType = folder.assetcatalog; path = Assets.xcassets; sourceTree = "<group>"; };
		7B12DAC325D5B5AC00E1F955 /* SleepKarma.app */ = {isa = PBXFileReference; explicitFileType = wrapper.application; includeInIndex = 0; path = SleepKarma.app; sourceTree = BUILT_PRODUCTS_DIR; };
		7B12DAC625D5B5AC00E1F955 /* Info.plist */ = {isa = PBXFileReference; lastKnownFileType = text.plist.xml; path = Info.plist; sourceTree = "<group>"; };
		7B12DACB25D5B5AC00E1F955 /* SleepKarma.app */ = {isa = PBXFileReference; explicitFileType = wrapper.application; includeInIndex = 0; path = SleepKarma.app; sourceTree = BUILT_PRODUCTS_DIR; };
		7B12DACD25D5B5AC00E1F955 /* Info.plist */ = {isa = PBXFileReference; lastKnownFileType = text.plist.xml; path = Info.plist; sourceTree = "<group>"; };
		7B12DACE25D5B5AC00E1F955 /* macOS.entitlements */ = {isa = PBXFileReference; lastKnownFileType = text.plist.entitlements; path = macOS.entitlements; sourceTree = "<group>"; };
		7B1D41AE25D5D06F00D5A79E /* Night.swift */ = {isa = PBXFileReference; lastKnownFileType = sourcecode.swift; path = Night.swift; sourceTree = "<group>"; };
		7B1D41B325D5D10900D5A79E /* NightRow.swift */ = {isa = PBXFileReference; lastKnownFileType = sourcecode.swift; path = NightRow.swift; sourceTree = "<group>"; };
		7B4C7DCB25D70E2B00B4F554 /* Date+.swift */ = {isa = PBXFileReference; lastKnownFileType = sourcecode.swift; path = "Date+.swift"; sourceTree = "<group>"; };
		7B83334D25D637D300C30FDC /* ViewModel.swift */ = {isa = PBXFileReference; lastKnownFileType = sourcecode.swift; path = ViewModel.swift; sourceTree = "<group>"; };
		7BC61C9C25D5C3DE0084CD09 /* DetailView.swift */ = {isa = PBXFileReference; lastKnownFileType = sourcecode.swift; path = DetailView.swift; sourceTree = "<group>"; };
/* End PBXFileReference section */

/* Begin PBXFrameworksBuildPhase section */
		7B12DAC025D5B5AC00E1F955 /* Frameworks */ = {
			isa = PBXFrameworksBuildPhase;
			buildActionMask = 2147483647;
			files = (
			);
			runOnlyForDeploymentPostprocessing = 0;
		};
		7B12DAC825D5B5AC00E1F955 /* Frameworks */ = {
			isa = PBXFrameworksBuildPhase;
			buildActionMask = 2147483647;
			files = (
			);
			runOnlyForDeploymentPostprocessing = 0;
		};
/* End PBXFrameworksBuildPhase section */

/* Begin PBXGroup section */
		7B12DAB625D5B5AB00E1F955 = {
			isa = PBXGroup;
			children = (
				7B12DABB25D5B5AC00E1F955 /* Shared */,
				7B12DAC525D5B5AC00E1F955 /* iOS */,
				7B12DACC25D5B5AC00E1F955 /* macOS */,
				7B12DAC425D5B5AC00E1F955 /* Products */,
			);
			sourceTree = "<group>";
		};
		7B12DABB25D5B5AC00E1F955 /* Shared */ = {
			isa = PBXGroup;
			children = (
				7B12DABC25D5B5AC00E1F955 /* SleepKarmaApp.swift */,
				7B12DABD25D5B5AC00E1F955 /* RootView.swift */,
				7BC61C9C25D5C3DE0084CD09 /* DetailView.swift */,
				7B1D41B325D5D10900D5A79E /* NightRow.swift */,
				7B1D41AE25D5D06F00D5A79E /* Night.swift */,
				7B83334D25D637D300C30FDC /* ViewModel.swift */,
				7B4C7DCB25D70E2B00B4F554 /* Date+.swift */,
				7B12DABE25D5B5AC00E1F955 /* Assets.xcassets */,
			);
			path = Shared;
			sourceTree = "<group>";
		};
		7B12DAC425D5B5AC00E1F955 /* Products */ = {
			isa = PBXGroup;
			children = (
				7B12DAC325D5B5AC00E1F955 /* SleepKarma.app */,
				7B12DACB25D5B5AC00E1F955 /* SleepKarma.app */,
			);
			name = Products;
			sourceTree = "<group>";
		};
		7B12DAC525D5B5AC00E1F955 /* iOS */ = {
			isa = PBXGroup;
			children = (
				7B12DAC625D5B5AC00E1F955 /* Info.plist */,
			);
			path = iOS;
			sourceTree = "<group>";
		};
		7B12DACC25D5B5AC00E1F955 /* macOS */ = {
			isa = PBXGroup;
			children = (
				7B12DACD25D5B5AC00E1F955 /* Info.plist */,
				7B12DACE25D5B5AC00E1F955 /* macOS.entitlements */,
			);
			path = macOS;
			sourceTree = "<group>";
		};
/* End PBXGroup section */

/* Begin PBXNativeTarget section */
		7B12DAC225D5B5AC00E1F955 /* SleepKarma (iOS) */ = {
			isa = PBXNativeTarget;
			buildConfigurationList = 7B12DAD725D5B5AC00E1F955 /* Build configuration list for PBXNativeTarget "SleepKarma (iOS)" */;
			buildPhases = (
				7B12DABF25D5B5AC00E1F955 /* Sources */,
				7B12DAC025D5B5AC00E1F955 /* Frameworks */,
				7B12DAC125D5B5AC00E1F955 /* Resources */,
			);
			buildRules = (
			);
			dependencies = (
			);
			name = "SleepKarma (iOS)";
			productName = "SleepKarma (iOS)";
			productReference = 7B12DAC325D5B5AC00E1F955 /* SleepKarma.app */;
			productType = "com.apple.product-type.application";
		};
		7B12DACA25D5B5AC00E1F955 /* SleepKarma (macOS) */ = {
			isa = PBXNativeTarget;
			buildConfigurationList = 7B12DADA25D5B5AC00E1F955 /* Build configuration list for PBXNativeTarget "SleepKarma (macOS)" */;
			buildPhases = (
				7B12DAC725D5B5AC00E1F955 /* Sources */,
				7B12DAC825D5B5AC00E1F955 /* Frameworks */,
				7B12DAC925D5B5AC00E1F955 /* Resources */,
			);
			buildRules = (
			);
			dependencies = (
			);
			name = "SleepKarma (macOS)";
			productName = "SleepKarma (macOS)";
			productReference = 7B12DACB25D5B5AC00E1F955 /* SleepKarma.app */;
			productType = "com.apple.product-type.application";
		};
/* End PBXNativeTarget section */

/* Begin PBXProject section */
		7B12DAB725D5B5AB00E1F955 /* Project object */ = {
			isa = PBXProject;
			attributes = {
				LastSwiftUpdateCheck = 1240;
				LastUpgradeCheck = 1240;
				TargetAttributes = {
					7B12DAC225D5B5AC00E1F955 = {
						CreatedOnToolsVersion = 12.4;
					};
					7B12DACA25D5B5AC00E1F955 = {
						CreatedOnToolsVersion = 12.4;
					};
				};
			};
			buildConfigurationList = 7B12DABA25D5B5AB00E1F955 /* Build configuration list for PBXProject "SleepKarma" */;
			compatibilityVersion = "Xcode 9.3";
			developmentRegion = en;
			hasScannedForEncodings = 0;
			knownRegions = (
				en,
				Base,
			);
			mainGroup = 7B12DAB625D5B5AB00E1F955;
			productRefGroup = 7B12DAC425D5B5AC00E1F955 /* Products */;
			projectDirPath = "";
			projectRoot = "";
			targets = (
				7B12DAC225D5B5AC00E1F955 /* SleepKarma (iOS) */,
				7B12DACA25D5B5AC00E1F955 /* SleepKarma (macOS) */,
			);
		};
/* End PBXProject section */

/* Begin PBXResourcesBuildPhase section */
		7B12DAC125D5B5AC00E1F955 /* Resources */ = {
			isa = PBXResourcesBuildPhase;
			buildActionMask = 2147483647;
			files = (
				7B12DAD325D5B5AC00E1F955 /* Assets.xcassets in Resources */,
			);
			runOnlyForDeploymentPostprocessing = 0;
		};
		7B12DAC925D5B5AC00E1F955 /* Resources */ = {
			isa = PBXResourcesBuildPhase;
			buildActionMask = 2147483647;
			files = (
				7B12DAD425D5B5AC00E1F955 /* Assets.xcassets in Resources */,
			);
			runOnlyForDeploymentPostprocessing = 0;
		};
/* End PBXResourcesBuildPhase section */

/* Begin PBXSourcesBuildPhase section */
		7B12DABF25D5B5AC00E1F955 /* Sources */ = {
			isa = PBXSourcesBuildPhase;
			buildActionMask = 2147483647;
			files = (
				7B4C7DCC25D70E2B00B4F554 /* Date+.swift in Sources */,
				7B1D41AF25D5D06F00D5A79E /* Night.swift in Sources */,
				7B83334E25D637D400C30FDC /* ViewModel.swift in Sources */,
				7B12DAD125D5B5AC00E1F955 /* RootView.swift in Sources */,
				7BC61C9D25D5C3DE0084CD09 /* DetailView.swift in Sources */,
				7B12DACF25D5B5AC00E1F955 /* SleepKarmaApp.swift in Sources */,
				7B1D41B425D5D10900D5A79E /* NightRow.swift in Sources */,
			);
			runOnlyForDeploymentPostprocessing = 0;
		};
		7B12DAC725D5B5AC00E1F955 /* Sources */ = {
			isa = PBXSourcesBuildPhase;
			buildActionMask = 2147483647;
			files = (
				7B4C7DCD25D70E2B00B4F554 /* Date+.swift in Sources */,
				7B1D41B025D5D06F00D5A79E /* Night.swift in Sources */,
				7B83334F25D637D400C30FDC /* ViewModel.swift in Sources */,
				7B12DAD225D5B5AC00E1F955 /* RootView.swift in Sources */,
				7BC61C9E25D5C3DE0084CD09 /* DetailView.swift in Sources */,
				7B12DAD025D5B5AC00E1F955 /* SleepKarmaApp.swift in Sources */,
				7B1D41B525D5D10900D5A79E /* NightRow.swift in Sources */,
			);
			runOnlyForDeploymentPostprocessing = 0;
		};
/* End PBXSourcesBuildPhase section */

/* Begin XCBuildConfiguration section */
		7B12DAD525D5B5AC00E1F955 /* Debug */ = {
			isa = XCBuildConfiguration;
			buildSettings = {
				ALWAYS_SEARCH_USER_PATHS = NO;
				CLANG_ANALYZER_NONNULL = YES;
				CLANG_ANALYZER_NUMBER_OBJECT_CONVERSION = YES_AGGRESSIVE;
				CLANG_CXX_LANGUAGE_STANDARD = "gnu++14";
				CLANG_CXX_LIBRARY = "libc++";
				CLANG_ENABLE_MODULES = YES;
				CLANG_ENABLE_OBJC_ARC = YES;
				CLANG_ENABLE_OBJC_WEAK = YES;
				CLANG_WARN_BLOCK_CAPTURE_AUTORELEASING = YES;
				CLANG_WARN_BOOL_CONVERSION = YES;
				CLANG_WARN_COMMA = YES;
				CLANG_WARN_CONSTANT_CONVERSION = YES;
				CLANG_WARN_DEPRECATED_OBJC_IMPLEMENTATIONS = YES;
				CLANG_WARN_DIRECT_OBJC_ISA_USAGE = YES_ERROR;
				CLANG_WARN_DOCUMENTATION_COMMENTS = YES;
				CLANG_WARN_EMPTY_BODY = YES;
				CLANG_WARN_ENUM_CONVERSION = YES;
				CLANG_WARN_INFINITE_RECURSION = YES;
				CLANG_WARN_INT_CONVERSION = YES;
				CLANG_WARN_NON_LITERAL_NULL_CONVERSION = YES;
				CLANG_WARN_OBJC_IMPLICIT_RETAIN_SELF = YES;
				CLANG_WARN_OBJC_LITERAL_CONVERSION = YES;
				CLANG_WARN_OBJC_ROOT_CLASS = YES_ERROR;
				CLANG_WARN_QUOTED_INCLUDE_IN_FRAMEWORK_HEADER = YES;
				CLANG_WARN_RANGE_LOOP_ANALYSIS = YES;
				CLANG_WARN_STRICT_PROTOTYPES = YES;
				CLANG_WARN_SUSPICIOUS_MOVE = YES;
				CLANG_WARN_UNGUARDED_AVAILABILITY = YES_AGGRESSIVE;
				CLANG_WARN_UNREACHABLE_CODE = YES;
				CLANG_WARN__DUPLICATE_METHOD_MATCH = YES;
				COPY_PHASE_STRIP = NO;
				DEBUG_INFORMATION_FORMAT = dwarf;
				ENABLE_STRICT_OBJC_MSGSEND = YES;
				ENABLE_TESTABILITY = YES;
				GCC_C_LANGUAGE_STANDARD = gnu11;
				GCC_DYNAMIC_NO_PIC = NO;
				GCC_NO_COMMON_BLOCKS = YES;
				GCC_OPTIMIZATION_LEVEL = 0;
				GCC_PREPROCESSOR_DEFINITIONS = (
					"DEBUG=1",
					"$(inherited)",
				);
				GCC_WARN_64_TO_32_BIT_CONVERSION = YES;
				GCC_WARN_ABOUT_RETURN_TYPE = YES_ERROR;
				GCC_WARN_UNDECLARED_SELECTOR = YES;
				GCC_WARN_UNINITIALIZED_AUTOS = YES_AGGRESSIVE;
				GCC_WARN_UNUSED_FUNCTION = YES;
				GCC_WARN_UNUSED_VARIABLE = YES;
				MTL_ENABLE_DEBUG_INFO = INCLUDE_SOURCE;
				MTL_FAST_MATH = YES;
				ONLY_ACTIVE_ARCH = YES;
				SWIFT_ACTIVE_COMPILATION_CONDITIONS = DEBUG;
				SWIFT_OPTIMIZATION_LEVEL = "-Onone";
			};
			name = Debug;
		};
		7B12DAD625D5B5AC00E1F955 /* Release */ = {
			isa = XCBuildConfiguration;
			buildSettings = {
				ALWAYS_SEARCH_USER_PATHS = NO;
				CLANG_ANALYZER_NONNULL = YES;
				CLANG_ANALYZER_NUMBER_OBJECT_CONVERSION = YES_AGGRESSIVE;
				CLANG_CXX_LANGUAGE_STANDARD = "gnu++14";
				CLANG_CXX_LIBRARY = "libc++";
				CLANG_ENABLE_MODULES = YES;
				CLANG_ENABLE_OBJC_ARC = YES;
				CLANG_ENABLE_OBJC_WEAK = YES;
				CLANG_WARN_BLOCK_CAPTURE_AUTORELEASING = YES;
				CLANG_WARN_BOOL_CONVERSION = YES;
				CLANG_WARN_COMMA = YES;
				CLANG_WARN_CONSTANT_CONVERSION = YES;
				CLANG_WARN_DEPRECATED_OBJC_IMPLEMENTATIONS = YES;
				CLANG_WARN_DIRECT_OBJC_ISA_USAGE = YES_ERROR;
				CLANG_WARN_DOCUMENTATION_COMMENTS = YES;
				CLANG_WARN_EMPTY_BODY = YES;
				CLANG_WARN_ENUM_CONVERSION = YES;
				CLANG_WARN_INFINITE_RECURSION = YES;
				CLANG_WARN_INT_CONVERSION = YES;
				CLANG_WARN_NON_LITERAL_NULL_CONVERSION = YES;
				CLANG_WARN_OBJC_IMPLICIT_RETAIN_SELF = YES;
				CLANG_WARN_OBJC_LITERAL_CONVERSION = YES;
				CLANG_WARN_OBJC_ROOT_CLASS = YES_ERROR;
				CLANG_WARN_QUOTED_INCLUDE_IN_FRAMEWORK_HEADER = YES;
				CLANG_WARN_RANGE_LOOP_ANALYSIS = YES;
				CLANG_WARN_STRICT_PROTOTYPES = YES;
				CLANG_WARN_SUSPICIOUS_MOVE = YES;
				CLANG_WARN_UNGUARDED_AVAILABILITY = YES_AGGRESSIVE;
				CLANG_WARN_UNREACHABLE_CODE = YES;
				CLANG_WARN__DUPLICATE_METHOD_MATCH = YES;
				COPY_PHASE_STRIP = NO;
				DEBUG_INFORMATION_FORMAT = "dwarf-with-dsym";
				ENABLE_NS_ASSERTIONS = NO;
				ENABLE_STRICT_OBJC_MSGSEND = YES;
				GCC_C_LANGUAGE_STANDARD = gnu11;
				GCC_NO_COMMON_BLOCKS = YES;
				GCC_WARN_64_TO_32_BIT_CONVERSION = YES;
				GCC_WARN_ABOUT_RETURN_TYPE = YES_ERROR;
				GCC_WARN_UNDECLARED_SELECTOR = YES;
				GCC_WARN_UNINITIALIZED_AUTOS = YES_AGGRESSIVE;
				GCC_WARN_UNUSED_FUNCTION = YES;
				GCC_WARN_UNUSED_VARIABLE = YES;
				MTL_ENABLE_DEBUG_INFO = NO;
				MTL_FAST_MATH = YES;
				SWIFT_COMPILATION_MODE = wholemodule;
				SWIFT_OPTIMIZATION_LEVEL = "-O";
			};
			name = Release;
		};
		7B12DAD825D5B5AC00E1F955 /* Debug */ = {
			isa = XCBuildConfiguration;
			buildSettings = {
				ASSETCATALOG_COMPILER_APPICON_NAME = AppIcon;
				ASSETCATALOG_COMPILER_GLOBAL_ACCENT_COLOR_NAME = AccentColor;
				CODE_SIGN_STYLE = Automatic;
				DEVELOPMENT_TEAM = 4Y3GGL46D2;
				ENABLE_PREVIEWS = YES;
				INFOPLIST_FILE = iOS/Info.plist;
				IPHONEOS_DEPLOYMENT_TARGET = 14.0;
				LD_RUNPATH_SEARCH_PATHS = (
					"$(inherited)",
					"@executable_path/Frameworks",
				);
				MARKETING_VERSION = 0.1;
				PRODUCT_BUNDLE_IDENTIFIER = com.breadlabs.SleepKarma;
				PRODUCT_NAME = SleepKarma;
				SDKROOT = iphoneos;
				SWIFT_VERSION = 5.0;
				TARGETED_DEVICE_FAMILY = "1,2";
			};
			name = Debug;
		};
		7B12DAD925D5B5AC00E1F955 /* Release */ = {
			isa = XCBuildConfiguration;
			buildSettings = {
				ASSETCATALOG_COMPILER_APPICON_NAME = AppIcon;
				ASSETCATALOG_COMPILER_GLOBAL_ACCENT_COLOR_NAME = AccentColor;
				CODE_SIGN_STYLE = Automatic;
				DEVELOPMENT_TEAM = 4Y3GGL46D2;
				ENABLE_PREVIEWS = YES;
				INFOPLIST_FILE = iOS/Info.plist;
				IPHONEOS_DEPLOYMENT_TARGET = 14.0;
				LD_RUNPATH_SEARCH_PATHS = (
					"$(inherited)",
					"@executable_path/Frameworks",
				);
				MARKETING_VERSION = 0.1;
				PRODUCT_BUNDLE_IDENTIFIER = com.breadlabs.SleepKarma;
				PRODUCT_NAME = SleepKarma;
				SDKROOT = iphoneos;
				SWIFT_VERSION = 5.0;
				TARGETED_DEVICE_FAMILY = "1,2";
				VALIDATE_PRODUCT = YES;
			};
			name = Release;
		};
		7B12DADB25D5B5AC00E1F955 /* Debug */ = {
			isa = XCBuildConfiguration;
			buildSettings = {
				ASSETCATALOG_COMPILER_APPICON_NAME = AppIcon;
				ASSETCATALOG_COMPILER_GLOBAL_ACCENT_COLOR_NAME = AccentColor;
				CODE_SIGN_ENTITLEMENTS = macOS/macOS.entitlements;
				CODE_SIGN_STYLE = Automatic;
				COMBINE_HIDPI_IMAGES = YES;
				DEVELOPMENT_TEAM = 4Y3GGL46D2;
				ENABLE_HARDENED_RUNTIME = YES;
				ENABLE_PREVIEWS = YES;
				INFOPLIST_FILE = macOS/Info.plist;
				LD_RUNPATH_SEARCH_PATHS = (
					"$(inherited)",
					"@executable_path/../Frameworks",
				);
				MACOSX_DEPLOYMENT_TARGET = 11.0;
				PRODUCT_BUNDLE_IDENTIFIER = com.breadlabs.SleepKarma;
				PRODUCT_NAME = SleepKarma;
				SDKROOT = macosx;
				SWIFT_VERSION = 5.0;
			};
			name = Debug;
		};
		7B12DADC25D5B5AC00E1F955 /* Release */ = {
			isa = XCBuildConfiguration;
			buildSettings = {
				ASSETCATALOG_COMPILER_APPICON_NAME = AppIcon;
				ASSETCATALOG_COMPILER_GLOBAL_ACCENT_COLOR_NAME = AccentColor;
				CODE_SIGN_ENTITLEMENTS = macOS/macOS.entitlements;
				CODE_SIGN_STYLE = Automatic;
				COMBINE_HIDPI_IMAGES = YES;
				DEVELOPMENT_TEAM = 4Y3GGL46D2;
				ENABLE_HARDENED_RUNTIME = YES;
				ENABLE_PREVIEWS = YES;
				INFOPLIST_FILE = macOS/Info.plist;
				LD_RUNPATH_SEARCH_PATHS = (
					"$(inherited)",
					"@executable_path/../Frameworks",
				);
				MACOSX_DEPLOYMENT_TARGET = 11.0;
				PRODUCT_BUNDLE_IDENTIFIER = com.breadlabs.SleepKarma;
				PRODUCT_NAME = SleepKarma;
				SDKROOT = macosx;
				SWIFT_VERSION = 5.0;
			};
			name = Release;
		};
/* End XCBuildConfiguration section */

/* Begin XCConfigurationList section */
		7B12DABA25D5B5AB00E1F955 /* Build configuration list for PBXProject "SleepKarma" */ = {
			isa = XCConfigurationList;
			buildConfigurations = (
				7B12DAD525D5B5AC00E1F955 /* Debug */,
				7B12DAD625D5B5AC00E1F955 /* Release */,
			);
			defaultConfigurationIsVisible = 0;
			defaultConfigurationName = Release;
		};
		7B12DAD725D5B5AC00E1F955 /* Build configuration list for PBXNativeTarget "SleepKarma (iOS)" */ = {
			isa = XCConfigurationList;
			buildConfigurations = (
				7B12DAD825D5B5AC00E1F955 /* Debug */,
				7B12DAD925D5B5AC00E1F955 /* Release */,
			);
			defaultConfigurationIsVisible = 0;
			defaultConfigurationName = Release;
		};
		7B12DADA25D5B5AC00E1F955 /* Build configuration list for PBXNativeTarget "SleepKarma (macOS)" */ = {
			isa = XCConfigurationList;
			buildConfigurations = (
				7B12DADB25D5B5AC00E1F955 /* Debug */,
				7B12DADC25D5B5AC00E1F955 /* Release */,
			);
			defaultConfigurationIsVisible = 0;
			defaultConfigurationName = Release;
		};
/* End XCConfigurationList section */
	};
	rootObject = 7B12DAB725D5B5AB00E1F955 /* Project object */;
}
